{
  "requires": true,
  "lockfileVersion": 1,
  "dependencies": {
    "types-registry": {
      "version": "0.1.672",
      "resolved": "https://registry.npmjs.org/types-registry/-/types-registry-0.1.672.tgz",
      "integrity": "sha512-eVqFoL+u4kJeS1zAg4Mn+ZznWT4gUNW9TjsdHjom5msz2Is5MhhcfkCTfMyvDXC/pH663+kDtLWujsO1JVMwwQ=="
    }
  }
}
